
Microsoft Visual Studio Solution File, Format Version 12.00
# Visual Studio 15
VisualStudioVersion = 15.0.28307.902
MinimumVisualStudioVersion = 10.0.40219.1
Project("{8BC9CEB8-8B4A-11D0-8D11-00A0C91BC942}") = "lab1", "lab1\lab1.vcxproj", "{F671AF31-8F15-480D-9E56-68B8D71A667A}"
EndProject
Project("{8BC9CEB8-8B4A-11D0-8D11-00A0C91BC942}") = "lab2", "SP_LABA2\SP_LABA2.vcxproj", "{E98EB797-20F8-4E06-8506-0F3B4D7758E9}"
EndProject
Project("{8BC9CEB8-8B4A-11D0-8D11-00A0C91BC942}") = "lab4", "lab4\lab4.vcxproj", "{B99C9F60-4452-4632-8C86-2FF7CA402BDC}"
EndProject
Project("{8BC9CEB8-8B4A-11D0-8D11-00A0C91BC942}") = "lab5", "lab5\ConsoleApplication4.vcxproj", "{E89BA533-A835-4A49-A11F-E99F8743632C}"
EndProject
Project("{8BC9CEB8-8B4A-11D0-8D11-00A0C91BC942}") = "lab6", "SP_LABS6\SP_LABS6.vcxproj", "{C75D93BD-A683-422A-A2C4-7855CDBF4221}"
EndProject
Project("{8BC9CEB8-8B4A-11D0-8D11-00A0C91BC942}") = "lab7", "lab7\WindowsProjectSP2.vcxproj", "{79D3A0F2-B07C-43D2-8B4A-4EE04E8DE2FB}"
EndProject
Project("{8BC9CEB8-8B4A-11D0-8D11-00A0C91BC942}") = "lab8", "lab8\LR8.vcxproj", "{DD0B7B32-BBA7-4287-9408-25E8986C4486}"
EndProject
Project("{8BC9CEB8-8B4A-11D0-8D11-00A0C91BC942}") = "lab9", "lab9\LR9.vcxproj", "{3D71C31E-CFFC-4574-8783-182BDABB1699}"
EndProject
Project("{8BC9CEB8-8B4A-11D0-8D11-00A0C91BC942}") = "lab10_1", "lab10_1\WindowsProject5x1.vcxproj", "{C39DD4EB-937C-46CE-B5B8-B9D39BDC8984}"
EndProject
Project("{8BC9CEB8-8B4A-11D0-8D11-00A0C91BC942}") = "lab10_2", "lab10_2\WindowsProject5x2.vcxproj", "{3C4D9D58-BF7F-455D-826E-87E1057DC901}"
EndProject
Project("{8BC9CEB8-8B4A-11D0-8D11-00A0C91BC942}") = "lab11", "lab11\lab11.vcxproj", "{DF92BDF3-A3CD-442D-A92F-347CCC0A8BDE}"
EndProject
Project("{8BC9CEB8-8B4A-11D0-8D11-00A0C91BC942}") = "lab12", "lab12\lab12.vcxproj", "{30B41405-EDC6-4EBE-9480-0199789E1887}"
EndProject
Project("{8BC9CEB8-8B4A-11D0-8D11-00A0C91BC942}") = "lab13", "lab13\lab13.vcxproj", "{1D314E40-D426-4C20-A08D-10942B569EDB}"
EndProject
Project("{8BC9CEB8-8B4A-11D0-8D11-00A0C91BC942}") = "lab14", "lab14\lab14.vcxproj", "{8DB87D2C-A958-4CD5-97E7-E97DD7D2BD33}"
EndProject
Global
	GlobalSection(SolutionConfigurationPlatforms) = preSolution
		Debug|x64 = Debug|x64
		Debug|x86 = Debug|x86
		Release|x64 = Release|x64
		Release|x86 = Release|x86
	EndGlobalSection
	GlobalSection(ProjectConfigurationPlatforms) = postSolution
		{F671AF31-8F15-480D-9E56-68B8D71A667A}.Debug|x64.ActiveCfg = Debug|x64
		{F671AF31-8F15-480D-9E56-68B8D71A667A}.Debug|x64.Build.0 = Debug|x64
		{F671AF31-8F15-480D-9E56-68B8D71A667A}.Debug|x86.ActiveCfg = Debug|Win32
		{F671AF31-8F15-480D-9E56-68B8D71A667A}.Debug|x86.Build.0 = Debug|Win32
		{F671AF31-8F15-480D-9E56-68B8D71A667A}.Release|x64.ActiveCfg = Release|x64
		{F671AF31-8F15-480D-9E56-68B8D71A667A}.Release|x64.Build.0 = Release|x64
		{F671AF31-8F15-480D-9E56-68B8D71A667A}.Release|x86.ActiveCfg = Release|Win32
		{F671AF31-8F15-480D-9E56-68B8D71A667A}.Release|x86.Build.0 = Release|Win32
		{E98EB797-20F8-4E06-8506-0F3B4D7758E9}.Debug|x64.ActiveCfg = Debug|x64
		{E98EB797-20F8-4E06-8506-0F3B4D7758E9}.Debug|x64.Build.0 = Debug|x64
		{E98EB797-20F8-4E06-8506-0F3B4D7758E9}.Debug|x86.ActiveCfg = Debug|Win32
		{E98EB797-20F8-4E06-8506-0F3B4D7758E9}.Debug|x86.Build.0 = Debug|Win32
		{E98EB797-20F8-4E06-8506-0F3B4D7758E9}.Release|x64.ActiveCfg = Release|x64
		{E98EB797-20F8-4E06-8506-0F3B4D7758E9}.Release|x64.Build.0 = Release|x64
		{E98EB797-20F8-4E06-8506-0F3B4D7758E9}.Release|x86.ActiveCfg = Release|Win32
		{E98EB797-20F8-4E06-8506-0F3B4D7758E9}.Release|x86.Build.0 = Release|Win32
		{B99C9F60-4452-4632-8C86-2FF7CA402BDC}.Debug|x64.ActiveCfg = Debug|x64
		{B99C9F60-4452-4632-8C86-2FF7CA402BDC}.Debug|x64.Build.0 = Debug|x64
		{B99C9F60-4452-4632-8C86-2FF7CA402BDC}.Debug|x86.ActiveCfg = Debug|Win32
		{B99C9F60-4452-4632-8C86-2FF7CA402BDC}.Debug|x86.Build.0 = Debug|Win32
		{B99C9F60-4452-4632-8C86-2FF7CA402BDC}.Release|x64.ActiveCfg = Release|x64
		{B99C9F60-4452-4632-8C86-2FF7CA402BDC}.Release|x64.Build.0 = Release|x64
		{B99C9F60-4452-4632-8C86-2FF7CA402BDC}.Release|x86.ActiveCfg = Release|Win32
		{B99C9F60-4452-4632-8C86-2FF7CA402BDC}.Release|x86.Build.0 = Release|Win32
		{E89BA533-A835-4A49-A11F-E99F8743632C}.Debug|x64.ActiveCfg = Debug|x64
		{E89BA533-A835-4A49-A11F-E99F8743632C}.Debug|x64.Build.0 = Debug|x64
		{E89BA533-A835-4A49-A11F-E99F8743632C}.Debug|x86.ActiveCfg = Debug|Win32
		{E89BA533-A835-4A49-A11F-E99F8743632C}.Debug|x86.Build.0 = Debug|Win32
		{E89BA533-A835-4A49-A11F-E99F8743632C}.Release|x64.ActiveCfg = Release|x64
		{E89BA533-A835-4A49-A11F-E99F8743632C}.Release|x64.Build.0 = Release|x64
		{E89BA533-A835-4A49-A11F-E99F8743632C}.Release|x86.ActiveCfg = Release|Win32
		{E89BA533-A835-4A49-A11F-E99F8743632C}.Release|x86.Build.0 = Release|Win32
		{C75D93BD-A683-422A-A2C4-7855CDBF4221}.Debug|x64.ActiveCfg = Debug|x64
		{C75D93BD-A683-422A-A2C4-7855CDBF4221}.Debug|x64.Build.0 = Debug|x64
		{C75D93BD-A683-422A-A2C4-7855CDBF4221}.Debug|x86.ActiveCfg = Debug|Win32
		{C75D93BD-A683-422A-A2C4-7855CDBF4221}.Debug|x86.Build.0 = Debug|Win32
		{C75D93BD-A683-422A-A2C4-7855CDBF4221}.Release|x64.ActiveCfg = Release|x64
		{C75D93BD-A683-422A-A2C4-7855CDBF4221}.Release|x64.Build.0 = Release|x64
		{C75D93BD-A683-422A-A2C4-7855CDBF4221}.Release|x86.ActiveCfg = Release|Win32
		{C75D93BD-A683-422A-A2C4-7855CDBF4221}.Release|x86.Build.0 = Release|Win32
		{79D3A0F2-B07C-43D2-8B4A-4EE04E8DE2FB}.Debug|x64.ActiveCfg = Debug|x64
		{79D3A0F2-B07C-43D2-8B4A-4EE04E8DE2FB}.Debug|x64.Build.0 = Debug|x64
		{79D3A0F2-B07C-43D2-8B4A-4EE04E8DE2FB}.Debug|x86.ActiveCfg = Debug|Win32
		{79D3A0F2-B07C-43D2-8B4A-4EE04E8DE2FB}.Debug|x86.Build.0 = Debug|Win32
		{79D3A0F2-B07C-43D2-8B4A-4EE04E8DE2FB}.Release|x64.ActiveCfg = Release|x64
		{79D3A0F2-B07C-43D2-8B4A-4EE04E8DE2FB}.Release|x64.Build.0 = Release|x64
		{79D3A0F2-B07C-43D2-8B4A-4EE04E8DE2FB}.Release|x86.ActiveCfg = Release|Win32
		{79D3A0F2-B07C-43D2-8B4A-4EE04E8DE2FB}.Release|x86.Build.0 = Release|Win32
		{DD0B7B32-BBA7-4287-9408-25E8986C4486}.Debug|x64.ActiveCfg = Debug|x64
		{DD0B7B32-BBA7-4287-9408-25E8986C4486}.Debug|x64.Build.0 = Debug|x64
		{DD0B7B32-BBA7-4287-9408-25E8986C4486}.Debug|x86.ActiveCfg = Debug|Win32
		{DD0B7B32-BBA7-4287-9408-25E8986C4486}.Debug|x86.Build.0 = Debug|Win32
		{DD0B7B32-BBA7-4287-9408-25E8986C4486}.Release|x64.ActiveCfg = Release|x64
		{DD0B7B32-BBA7-4287-9408-25E8986C4486}.Release|x64.Build.0 = Release|x64
		{DD0B7B32-BBA7-4287-9408-25E8986C4486}.Release|x86.ActiveCfg = Release|Win32
		{DD0B7B32-BBA7-4287-9408-25E8986C4486}.Release|x86.Build.0 = Release|Win32
		{3D71C31E-CFFC-4574-8783-182BDABB1699}.Debug|x64.ActiveCfg = Debug|x64
		{3D71C31E-CFFC-4574-8783-182BDABB1699}.Debug|x64.Build.0 = Debug|x64
		{3D71C31E-CFFC-4574-8783-182BDABB1699}.Debug|x86.ActiveCfg = Debug|Win32
		{3D71C31E-CFFC-4574-8783-182BDABB1699}.Debug|x86.Build.0 = Debug|Win32
		{3D71C31E-CFFC-4574-8783-182BDABB1699}.Release|x64.ActiveCfg = Release|x64
		{3D71C31E-CFFC-4574-8783-182BDABB1699}.Release|x64.Build.0 = Release|x64
		{3D71C31E-CFFC-4574-8783-182BDABB1699}.Release|x86.ActiveCfg = Release|Win32
		{3D71C31E-CFFC-4574-8783-182BDABB1699}.Release|x86.Build.0 = Release|Win32
		{C39DD4EB-937C-46CE-B5B8-B9D39BDC8984}.Debug|x64.ActiveCfg = Debug|x64
		{C39DD4EB-937C-46CE-B5B8-B9D39BDC8984}.Debug|x64.Build.0 = Debug|x64
		{C39DD4EB-937C-46CE-B5B8-B9D39BDC8984}.Debug|x86.ActiveCfg = Debug|Win32
		{C39DD4EB-937C-46CE-B5B8-B9D39BDC8984}.Debug|x86.Build.0 = Debug|Win32
		{C39DD4EB-937C-46CE-B5B8-B9D39BDC8984}.Release|x64.ActiveCfg = Release|x64
		{C39DD4EB-937C-46CE-B5B8-B9D39BDC8984}.Release|x64.Build.0 = Release|x64
		{C39DD4EB-937C-46CE-B5B8-B9D39BDC8984}.Release|x86.ActiveCfg = Release|Win32
		{C39DD4EB-937C-46CE-B5B8-B9D39BDC8984}.Release|x86.Build.0 = Release|Win32
		{3C4D9D58-BF7F-455D-826E-87E1057DC901}.Debug|x64.ActiveCfg = Debug|x64
		{3C4D9D58-BF7F-455D-826E-87E1057DC901}.Debug|x64.Build.0 = Debug|x64
		{3C4D9D58-BF7F-455D-826E-87E1057DC901}.Debug|x86.ActiveCfg = Debug|Win32
		{3C4D9D58-BF7F-455D-826E-87E1057DC901}.Debug|x86.Build.0 = Debug|Win32
		{3C4D9D58-BF7F-455D-826E-87E1057DC901}.Release|x64.ActiveCfg = Release|x64
		{3C4D9D58-BF7F-455D-826E-87E1057DC901}.Release|x64.Build.0 = Release|x64
		{3C4D9D58-BF7F-455D-826E-87E1057DC901}.Release|x86.ActiveCfg = Release|Win32
		{3C4D9D58-BF7F-455D-826E-87E1057DC901}.Release|x86.Build.0 = Release|Win32
		{DF92BDF3-A3CD-442D-A92F-347CCC0A8BDE}.Debug|x64.ActiveCfg = Debug|x64
		{DF92BDF3-A3CD-442D-A92F-347CCC0A8BDE}.Debug|x64.Build.0 = Debug|x64
		{DF92BDF3-A3CD-442D-A92F-347CCC0A8BDE}.Debug|x86.ActiveCfg = Debug|Win32
		{DF92BDF3-A3CD-442D-A92F-347CCC0A8BDE}.Debug|x86.Build.0 = Debug|Win32
		{DF92BDF3-A3CD-442D-A92F-347CCC0A8BDE}.Release|x64.ActiveCfg = Release|x64
		{DF92BDF3-A3CD-442D-A92F-347CCC0A8BDE}.Release|x64.Build.0 = Release|x64
		{DF92BDF3-A3CD-442D-A92F-347CCC0A8BDE}.Release|x86.ActiveCfg = Release|Win32
		{DF92BDF3-A3CD-442D-A92F-347CCC0A8BDE}.Release|x86.Build.0 = Release|Win32
		{30B41405-EDC6-4EBE-9480-0199789E1887}.Debug|x64.ActiveCfg = Debug|x64
		{30B41405-EDC6-4EBE-9480-0199789E1887}.Debug|x64.Build.0 = Debug|x64
		{30B41405-EDC6-4EBE-9480-0199789E1887}.Debug|x86.ActiveCfg = Debug|Win32
		{30B41405-EDC6-4EBE-9480-0199789E1887}.Debug|x86.Build.0 = Debug|Win32
		{30B41405-EDC6-4EBE-9480-0199789E1887}.Release|x64.ActiveCfg = Release|x64
		{30B41405-EDC6-4EBE-9480-0199789E1887}.Release|x64.Build.0 = Release|x64
		{30B41405-EDC6-4EBE-9480-0199789E1887}.Release|x86.ActiveCfg = Release|Win32
		{30B41405-EDC6-4EBE-9480-0199789E1887}.Release|x86.Build.0 = Release|Win32
		{1D314E40-D426-4C20-A08D-10942B569EDB}.Debug|x64.ActiveCfg = Debug|x64
		{1D314E40-D426-4C20-A08D-10942B569EDB}.Debug|x64.Build.0 = Debug|x64
		{1D314E40-D426-4C20-A08D-10942B569EDB}.Debug|x86.ActiveCfg = Debug|Win32
		{1D314E40-D426-4C20-A08D-10942B569EDB}.Debug|x86.Build.0 = Debug|Win32
		{1D314E40-D426-4C20-A08D-10942B569EDB}.Release|x64.ActiveCfg = Release|x64
		{1D314E40-D426-4C20-A08D-10942B569EDB}.Release|x64.Build.0 = Release|x64
		{1D314E40-D426-4C20-A08D-10942B569EDB}.Release|x86.ActiveCfg = Release|Win32
		{1D314E40-D426-4C20-A08D-10942B569EDB}.Release|x86.Build.0 = Release|Win32
		{8DB87D2C-A958-4CD5-97E7-E97DD7D2BD33}.Debug|x64.ActiveCfg = Debug|x64
		{8DB87D2C-A958-4CD5-97E7-E97DD7D2BD33}.Debug|x64.Build.0 = Debug|x64
		{8DB87D2C-A958-4CD5-97E7-E97DD7D2BD33}.Debug|x86.ActiveCfg = Debug|Win32
		{8DB87D2C-A958-4CD5-97E7-E97DD7D2BD33}.Debug|x86.Build.0 = Debug|Win32
		{8DB87D2C-A958-4CD5-97E7-E97DD7D2BD33}.Release|x64.ActiveCfg = Release|x64
		{8DB87D2C-A958-4CD5-97E7-E97DD7D2BD33}.Release|x64.Build.0 = Release|x64
		{8DB87D2C-A958-4CD5-97E7-E97DD7D2BD33}.Release|x86.ActiveCfg = Release|Win32
		{8DB87D2C-A958-4CD5-97E7-E97DD7D2BD33}.Release|x86.Build.0 = Release|Win32
	EndGlobalSection
	GlobalSection(SolutionProperties) = preSolution
		HideSolutionNode = FALSE
	EndGlobalSection
	GlobalSection(ExtensibilityGlobals) = postSolution
		SolutionGuid = {64A7AA6F-9573-453A-A1D4-218B8D490C35}
	EndGlobalSection
EndGlobal
